
Microsoft Visual Studio Solution File, Format Version 12.00
# Visual Studio Version 16
VisualStudioVersion = 16.0.31911.196
MinimumVisualStudioVersion = 10.0.40219.1
Project("{9A19103F-16F7-4668-BE54-9A1E7A4F7556}") = "SBAdminLite2", "DotNetCoreProject\SBAdminLite2.csproj", "{C4273E24-4DFF-45EE-A778-1466982352AB}"
EndProject
Global
	GlobalSection(SolutionConfigurationPlatforms) = preSolution
		Debug|Any CPU = Debug|Any CPU
		Release|Any CPU = Release|Any CPU
	EndGlobalSection
	GlobalSection(ProjectConfigurationPlatforms) = postSolution
		{C4273E24-4DFF-45EE-A778-1466982352AB}.Debug|Any CPU.ActiveCfg = Debug|Any CPU
		{C4273E24-4DFF-45EE-A778-1466982352AB}.Debug|Any CPU.Build.0 = Debug|Any CPU
		{C4273E24-4DFF-45EE-A778-1466982352AB}.Release|Any CPU.ActiveCfg = Release|Any CPU
		{C4273E24-4DFF-45EE-A778-1466982352AB}.Release|Any CPU.Build.0 = Release|Any CPU
	EndGlobalSection
	GlobalSection(SolutionProperties) = preSolution
		HideSolutionNode = FALSE
	EndGlobalSection
	GlobalSection(ExtensibilityGlobals) = postSolution
		SolutionGuid = {598CE1A4-C854-4B53-ACC6-34AAB891EE2D}
	EndGlobalSection
EndGlobal
